
Microsoft Visual Studio Solution File, Format Version 12.00
# Visual Studio 2012
Project("{FAE04EC0-301F-11D3-BF4B-00C04F79EFBC}") = "Conexion", "Conexion\Conexion.csproj", "{0AE4BDB2-A801-4610-BC35-6150B7B92F55}"
EndProject
Project("{FAE04EC0-301F-11D3-BF4B-00C04F79EFBC}") = "Taxis_Palmares", "Taxis_Palmares\Taxis_Palmares.csproj", "{58BEED27-F178-4EDD-BD39-409A040B956B}"
EndProject
Project("{FAE04EC0-301F-11D3-BF4B-00C04F79EFBC}") = "Taxis_Palmares_La_Fuerza_Roja", "Taxis_Palmares_La_Fuerza_Roja\Taxis_Palmares_La_Fuerza_Roja.csproj", "{F3609D5D-0E98-4FD0-AE79-5617C67760E0}"
EndProject
Global
	GlobalSection(SolutionConfigurationPlatforms) = preSolution
		Debug|Any CPU = Debug|Any CPU
		Release|Any CPU = Release|Any CPU
	EndGlobalSection
	GlobalSection(ProjectConfigurationPlatforms) = postSolution
		{0AE4BDB2-A801-4610-BC35-6150B7B92F55}.Debug|Any CPU.ActiveCfg = Debug|Any CPU
		{0AE4BDB2-A801-4610-BC35-6150B7B92F55}.Debug|Any CPU.Build.0 = Debug|Any CPU
		{0AE4BDB2-A801-4610-BC35-6150B7B92F55}.Release|Any CPU.ActiveCfg = Release|Any CPU
		{0AE4BDB2-A801-4610-BC35-6150B7B92F55}.Release|Any CPU.Build.0 = Release|Any CPU
		{58BEED27-F178-4EDD-BD39-409A040B956B}.Debug|Any CPU.ActiveCfg = Debug|Any CPU
		{58BEED27-F178-4EDD-BD39-409A040B956B}.Debug|Any CPU.Build.0 = Debug|Any CPU
		{58BEED27-F178-4EDD-BD39-409A040B956B}.Release|Any CPU.ActiveCfg = Release|Any CPU
		{58BEED27-F178-4EDD-BD39-409A040B956B}.Release|Any CPU.Build.0 = Release|Any CPU
		{F3609D5D-0E98-4FD0-AE79-5617C67760E0}.Debug|Any CPU.ActiveCfg = Debug|Any CPU
		{F3609D5D-0E98-4FD0-AE79-5617C67760E0}.Debug|Any CPU.Build.0 = Debug|Any CPU
		{F3609D5D-0E98-4FD0-AE79-5617C67760E0}.Release|Any CPU.ActiveCfg = Release|Any CPU
		{F3609D5D-0E98-4FD0-AE79-5617C67760E0}.Release|Any CPU.Build.0 = Release|Any CPU
	EndGlobalSection
	GlobalSection(SolutionProperties) = preSolution
		HideSolutionNode = FALSE
	EndGlobalSection
EndGlobal
